
Microsoft Visual Studio Solution File, Format Version 12.00
# Visual Studio Version 17
VisualStudioVersion = 17.8.34511.84
MinimumVisualStudioVersion = 10.0.40219.1
Project("{9A19103F-16F7-4668-BE54-9A1E7A4F7556}") = "Constructors", "Constructors\Constructors.csproj", "{9309DC44-F0A3-41BF-9041-4CF82CA55151}"
EndProject
Project("{9A19103F-16F7-4668-BE54-9A1E7A4F7556}") = "Interfaces", "Interfaces\Interfaces.csproj", "{194A510F-0B59-400C-8462-5BD169BA4ABF}"
EndProject
Project("{FAE04EC0-301F-11D3-BF4B-00C04F79EFBC}") = "Generics", "Generics\Generics.csproj", "{95B05F9D-DE08-445A-9444-5C5F28A63C9E}"
EndProject
Project("{FAE04EC0-301F-11D3-BF4B-00C04F79EFBC}") = "Linq", "Linq\Linq.csproj", "{0661122C-6109-421C-8551-11A3F57EAF4B}"
EndProject
Global
	GlobalSection(SolutionConfigurationPlatforms) = preSolution
		Debug|Any CPU = Debug|Any CPU
		Release|Any CPU = Release|Any CPU
	EndGlobalSection
	GlobalSection(ProjectConfigurationPlatforms) = postSolution
		{9309DC44-F0A3-41BF-9041-4CF82CA55151}.Debug|Any CPU.ActiveCfg = Debug|Any CPU
		{9309DC44-F0A3-41BF-9041-4CF82CA55151}.Debug|Any CPU.Build.0 = Debug|Any CPU
		{9309DC44-F0A3-41BF-9041-4CF82CA55151}.Release|Any CPU.ActiveCfg = Release|Any CPU
		{9309DC44-F0A3-41BF-9041-4CF82CA55151}.Release|Any CPU.Build.0 = Release|Any CPU
		{194A510F-0B59-400C-8462-5BD169BA4ABF}.Debug|Any CPU.ActiveCfg = Debug|Any CPU
		{194A510F-0B59-400C-8462-5BD169BA4ABF}.Debug|Any CPU.Build.0 = Debug|Any CPU
		{194A510F-0B59-400C-8462-5BD169BA4ABF}.Release|Any CPU.ActiveCfg = Release|Any CPU
		{194A510F-0B59-400C-8462-5BD169BA4ABF}.Release|Any CPU.Build.0 = Release|Any CPU
		{95B05F9D-DE08-445A-9444-5C5F28A63C9E}.Debug|Any CPU.ActiveCfg = Debug|Any CPU
		{95B05F9D-DE08-445A-9444-5C5F28A63C9E}.Debug|Any CPU.Build.0 = Debug|Any CPU
		{95B05F9D-DE08-445A-9444-5C5F28A63C9E}.Release|Any CPU.ActiveCfg = Release|Any CPU
		{95B05F9D-DE08-445A-9444-5C5F28A63C9E}.Release|Any CPU.Build.0 = Release|Any CPU
		{0661122C-6109-421C-8551-11A3F57EAF4B}.Debug|Any CPU.ActiveCfg = Debug|Any CPU
		{0661122C-6109-421C-8551-11A3F57EAF4B}.Debug|Any CPU.Build.0 = Debug|Any CPU
		{0661122C-6109-421C-8551-11A3F57EAF4B}.Release|Any CPU.ActiveCfg = Release|Any CPU
		{0661122C-6109-421C-8551-11A3F57EAF4B}.Release|Any CPU.Build.0 = Release|Any CPU
	EndGlobalSection
	GlobalSection(SolutionProperties) = preSolution
		HideSolutionNode = FALSE
	EndGlobalSection
	GlobalSection(ExtensibilityGlobals) = postSolution
		SolutionGuid = {3426624C-9224-4777-83C9-3812CE1B54F6}
	EndGlobalSection
EndGlobal
