
Microsoft Visual Studio Solution File, Format Version 12.00
# Visual Studio Version 17
VisualStudioVersion = 17.8.34511.84
MinimumVisualStudioVersion = 10.0.40219.1
Project("{FAE04EC0-301F-11D3-BF4B-00C04F79EFBC}") = "TypesAndVariables", "TypesAndVariables\TypesAndVariables.csproj", "{61D99345-755E-440C-B400-7224B1471232}"
EndProject
Project("{FAE04EC0-301F-11D3-BF4B-00C04F79EFBC}") = "Conditionals", "Conditionals\Conditionals.csproj", "{60A517AA-AA83-4C25-AC12-8C6A62B2F93C}"
EndProject
Project("{FAE04EC0-301F-11D3-BF4B-00C04F79EFBC}") = "Methods", "Methods\Methods.csproj", "{2BF8BC51-60E7-47C3-A785-9B9E186A3233}"
EndProject
Project("{FAE04EC0-301F-11D3-BF4B-00C04F79EFBC}") = "ArraysAndLopps", "Arrays\ArraysAndLopps.csproj", "{CD449780-C1D2-40FC-A93F-DBA1C2061DF2}"
EndProject
Project("{FAE04EC0-301F-11D3-BF4B-00C04F79EFBC}") = "Classes", "Classes\Classes.csproj", "{3DE49B4F-E354-415C-A0E4-824634E97FC9}"
EndProject
Project("{FAE04EC0-301F-11D3-BF4B-00C04F79EFBC}") = "Interfaces", "Interfaces\Interfaces.csproj", "{157C26B3-C67C-4B73-9849-B4FB73626DD8}"
EndProject
Project("{FAE04EC0-301F-11D3-BF4B-00C04F79EFBC}") = "InterfacesDemo", "InterfacesDemo\InterfacesDemo.csproj", "{0D61A3DE-2238-4BD4-A36D-9DC42381ED75}"
EndProject
Project("{FAE04EC0-301F-11D3-BF4B-00C04F79EFBC}") = "Inheritance", "Inheritance\Inheritance.csproj", "{398F7CC6-19D0-45FF-8347-C9CCF54D93A0}"
EndProject
Global
	GlobalSection(SolutionConfigurationPlatforms) = preSolution
		Debug|Any CPU = Debug|Any CPU
		Release|Any CPU = Release|Any CPU
	EndGlobalSection
	GlobalSection(ProjectConfigurationPlatforms) = postSolution
		{61D99345-755E-440C-B400-7224B1471232}.Debug|Any CPU.ActiveCfg = Debug|Any CPU
		{61D99345-755E-440C-B400-7224B1471232}.Debug|Any CPU.Build.0 = Debug|Any CPU
		{61D99345-755E-440C-B400-7224B1471232}.Release|Any CPU.ActiveCfg = Release|Any CPU
		{61D99345-755E-440C-B400-7224B1471232}.Release|Any CPU.Build.0 = Release|Any CPU
		{60A517AA-AA83-4C25-AC12-8C6A62B2F93C}.Debug|Any CPU.ActiveCfg = Debug|Any CPU
		{60A517AA-AA83-4C25-AC12-8C6A62B2F93C}.Debug|Any CPU.Build.0 = Debug|Any CPU
		{60A517AA-AA83-4C25-AC12-8C6A62B2F93C}.Release|Any CPU.ActiveCfg = Release|Any CPU
		{60A517AA-AA83-4C25-AC12-8C6A62B2F93C}.Release|Any CPU.Build.0 = Release|Any CPU
		{2BF8BC51-60E7-47C3-A785-9B9E186A3233}.Debug|Any CPU.ActiveCfg = Debug|Any CPU
		{2BF8BC51-60E7-47C3-A785-9B9E186A3233}.Debug|Any CPU.Build.0 = Debug|Any CPU
		{2BF8BC51-60E7-47C3-A785-9B9E186A3233}.Release|Any CPU.ActiveCfg = Release|Any CPU
		{2BF8BC51-60E7-47C3-A785-9B9E186A3233}.Release|Any CPU.Build.0 = Release|Any CPU
		{CD449780-C1D2-40FC-A93F-DBA1C2061DF2}.Debug|Any CPU.ActiveCfg = Debug|Any CPU
		{CD449780-C1D2-40FC-A93F-DBA1C2061DF2}.Debug|Any CPU.Build.0 = Debug|Any CPU
		{CD449780-C1D2-40FC-A93F-DBA1C2061DF2}.Release|Any CPU.ActiveCfg = Release|Any CPU
		{CD449780-C1D2-40FC-A93F-DBA1C2061DF2}.Release|Any CPU.Build.0 = Release|Any CPU
		{3DE49B4F-E354-415C-A0E4-824634E97FC9}.Debug|Any CPU.ActiveCfg = Debug|Any CPU
		{3DE49B4F-E354-415C-A0E4-824634E97FC9}.Debug|Any CPU.Build.0 = Debug|Any CPU
		{3DE49B4F-E354-415C-A0E4-824634E97FC9}.Release|Any CPU.ActiveCfg = Release|Any CPU
		{3DE49B4F-E354-415C-A0E4-824634E97FC9}.Release|Any CPU.Build.0 = Release|Any CPU
		{157C26B3-C67C-4B73-9849-B4FB73626DD8}.Debug|Any CPU.ActiveCfg = Debug|Any CPU
		{157C26B3-C67C-4B73-9849-B4FB73626DD8}.Debug|Any CPU.Build.0 = Debug|Any CPU
		{157C26B3-C67C-4B73-9849-B4FB73626DD8}.Release|Any CPU.ActiveCfg = Release|Any CPU
		{157C26B3-C67C-4B73-9849-B4FB73626DD8}.Release|Any CPU.Build.0 = Release|Any CPU
		{0D61A3DE-2238-4BD4-A36D-9DC42381ED75}.Debug|Any CPU.ActiveCfg = Debug|Any CPU
		{0D61A3DE-2238-4BD4-A36D-9DC42381ED75}.Debug|Any CPU.Build.0 = Debug|Any CPU
		{0D61A3DE-2238-4BD4-A36D-9DC42381ED75}.Release|Any CPU.ActiveCfg = Release|Any CPU
		{0D61A3DE-2238-4BD4-A36D-9DC42381ED75}.Release|Any CPU.Build.0 = Release|Any CPU
		{398F7CC6-19D0-45FF-8347-C9CCF54D93A0}.Debug|Any CPU.ActiveCfg = Debug|Any CPU
		{398F7CC6-19D0-45FF-8347-C9CCF54D93A0}.Debug|Any CPU.Build.0 = Debug|Any CPU
		{398F7CC6-19D0-45FF-8347-C9CCF54D93A0}.Release|Any CPU.ActiveCfg = Release|Any CPU
		{398F7CC6-19D0-45FF-8347-C9CCF54D93A0}.Release|Any CPU.Build.0 = Release|Any CPU
	EndGlobalSection
	GlobalSection(SolutionProperties) = preSolution
		HideSolutionNode = FALSE
	EndGlobalSection
	GlobalSection(ExtensibilityGlobals) = postSolution
		SolutionGuid = {E65814C2-7A78-4814-8420-0B66A3727309}
	EndGlobalSection
EndGlobal
