
Microsoft Visual Studio Solution File, Format Version 12.00
# Visual Studio Version 17
VisualStudioVersion = 17.9.34714.143
MinimumVisualStudioVersion = 10.0.40219.1
Project("{FAE04EC0-301F-11D3-BF4B-00C04F79EFBC}") = "WebApi", "WebApi\WebApi.csproj", "{1DCF7260-0F05-428C-B17B-A9A5E242BBF4}"
EndProject
Project("{FAE04EC0-301F-11D3-BF4B-00C04F79EFBC}") = "WebApp", "WebApp\WebApp.csproj", "{E33362CB-FAAE-46B0-90D0-B929BE905454}"
EndProject
Project("{FAE04EC0-301F-11D3-BF4B-00C04F79EFBC}") = "Business", "Business\Business.csproj", "{F7FEB024-EDD7-4524-925D-8F9838059466}"
EndProject
Project("{FAE04EC0-301F-11D3-BF4B-00C04F79EFBC}") = "DataAccess", "DataAccess\DataAccess.csproj", "{B71B26AD-F215-4A76-BE7A-68F8CE39B589}"
EndProject
Project("{FAE04EC0-301F-11D3-BF4B-00C04F79EFBC}") = "Entities", "Entities\Entities.csproj", "{17ECAE02-AC8F-45D9-A1A8-D6F172562050}"
EndProject
Project("{FAE04EC0-301F-11D3-BF4B-00C04F79EFBC}") = "Shareds", "Shareds\Shareds.csproj", "{A09C554C-203F-4684-BAD6-8E61FE6ED099}"
EndProject
Global
	GlobalSection(SolutionConfigurationPlatforms) = preSolution
		Debug|Any CPU = Debug|Any CPU
		Release|Any CPU = Release|Any CPU
	EndGlobalSection
	GlobalSection(ProjectConfigurationPlatforms) = postSolution
		{1DCF7260-0F05-428C-B17B-A9A5E242BBF4}.Debug|Any CPU.ActiveCfg = Debug|Any CPU
		{1DCF7260-0F05-428C-B17B-A9A5E242BBF4}.Debug|Any CPU.Build.0 = Debug|Any CPU
		{1DCF7260-0F05-428C-B17B-A9A5E242BBF4}.Release|Any CPU.ActiveCfg = Release|Any CPU
		{1DCF7260-0F05-428C-B17B-A9A5E242BBF4}.Release|Any CPU.Build.0 = Release|Any CPU
		{E33362CB-FAAE-46B0-90D0-B929BE905454}.Debug|Any CPU.ActiveCfg = Debug|Any CPU
		{E33362CB-FAAE-46B0-90D0-B929BE905454}.Debug|Any CPU.Build.0 = Debug|Any CPU
		{E33362CB-FAAE-46B0-90D0-B929BE905454}.Release|Any CPU.ActiveCfg = Release|Any CPU
		{E33362CB-FAAE-46B0-90D0-B929BE905454}.Release|Any CPU.Build.0 = Release|Any CPU
		{F7FEB024-EDD7-4524-925D-8F9838059466}.Debug|Any CPU.ActiveCfg = Debug|Any CPU
		{F7FEB024-EDD7-4524-925D-8F9838059466}.Debug|Any CPU.Build.0 = Debug|Any CPU
		{F7FEB024-EDD7-4524-925D-8F9838059466}.Release|Any CPU.ActiveCfg = Release|Any CPU
		{F7FEB024-EDD7-4524-925D-8F9838059466}.Release|Any CPU.Build.0 = Release|Any CPU
		{B71B26AD-F215-4A76-BE7A-68F8CE39B589}.Debug|Any CPU.ActiveCfg = Debug|Any CPU
		{B71B26AD-F215-4A76-BE7A-68F8CE39B589}.Debug|Any CPU.Build.0 = Debug|Any CPU
		{B71B26AD-F215-4A76-BE7A-68F8CE39B589}.Release|Any CPU.ActiveCfg = Release|Any CPU
		{B71B26AD-F215-4A76-BE7A-68F8CE39B589}.Release|Any CPU.Build.0 = Release|Any CPU
		{17ECAE02-AC8F-45D9-A1A8-D6F172562050}.Debug|Any CPU.ActiveCfg = Debug|Any CPU
		{17ECAE02-AC8F-45D9-A1A8-D6F172562050}.Debug|Any CPU.Build.0 = Debug|Any CPU
		{17ECAE02-AC8F-45D9-A1A8-D6F172562050}.Release|Any CPU.ActiveCfg = Release|Any CPU
		{17ECAE02-AC8F-45D9-A1A8-D6F172562050}.Release|Any CPU.Build.0 = Release|Any CPU
		{A09C554C-203F-4684-BAD6-8E61FE6ED099}.Debug|Any CPU.ActiveCfg = Debug|Any CPU
		{A09C554C-203F-4684-BAD6-8E61FE6ED099}.Debug|Any CPU.Build.0 = Debug|Any CPU
		{A09C554C-203F-4684-BAD6-8E61FE6ED099}.Release|Any CPU.ActiveCfg = Release|Any CPU
		{A09C554C-203F-4684-BAD6-8E61FE6ED099}.Release|Any CPU.Build.0 = Release|Any CPU
	EndGlobalSection
	GlobalSection(SolutionProperties) = preSolution
		HideSolutionNode = FALSE
	EndGlobalSection
	GlobalSection(ExtensibilityGlobals) = postSolution
		SolutionGuid = {321CAFEC-45DE-4F3E-A0CF-4E4D449AE877}
	EndGlobalSection
EndGlobal
